
Microsoft Visual Studio Solution File, Format Version 12.00
# Visual Studio Version 17
VisualStudioVersion = 17.1.32328.378
MinimumVisualStudioVersion = 10.0.40219.1
Project("{FAE04EC0-301F-11D3-BF4B-00C04F79EFBC}") = "EntityFramework.LabExercise2", "EntityFramework.LabExercise2.csproj", "{C7D8472E-2525-410C-BA44-CB1CFE62E0A4}"
EndProject
Global
	GlobalSection(SolutionConfigurationPlatforms) = preSolution
		Debug|Any CPU = Debug|Any CPU
		Release|Any CPU = Release|Any CPU
	EndGlobalSection
	GlobalSection(ProjectConfigurationPlatforms) = postSolution
		{C7D8472E-2525-410C-BA44-CB1CFE62E0A4}.Debug|Any CPU.ActiveCfg = Debug|Any CPU
		{C7D8472E-2525-410C-BA44-CB1CFE62E0A4}.Debug|Any CPU.Build.0 = Debug|Any CPU
		{C7D8472E-2525-410C-BA44-CB1CFE62E0A4}.Release|Any CPU.ActiveCfg = Release|Any CPU
		{C7D8472E-2525-410C-BA44-CB1CFE62E0A4}.Release|Any CPU.Build.0 = Release|Any CPU
	EndGlobalSection
	GlobalSection(SolutionProperties) = preSolution
		HideSolutionNode = FALSE
	EndGlobalSection
	GlobalSection(ExtensibilityGlobals) = postSolution
		SolutionGuid = {987B2762-808B-4D0A-B56D-D47A571BC3A6}
	EndGlobalSection
EndGlobal
